<?xml version="1.0" encoding="utf-8"?>
<Project ToolsVersion="4.0" xmlns="http://schemas.microsoft.com/developer/msbuild/2003">
  <ItemGroup>
    <Filter Include="Source Files">
      <UniqueIdentifier>{4FC737F1-C7A5-4376-A066-2A32D752A2FF}</UniqueIdentifier>
      <Extensions>cpp;c;cc;cxx;def;odl;idl;hpj;bat;asm;asmx</Extensions>
    </Filter>
    <Filter Include="Header Files">
      <UniqueIdentifier>{93995380-89BD-4b04-88EB-625FBE52EBFB}</UniqueIdentifier>
      <Extensions>h;hh;hpp;hxx;hm;inl;inc;xsd</Extensions>
    </Filter>
    <Filter Include="Resource Files">
      <UniqueIdentifier>{67DA6AB6-F800-4c08-8B7A-83BB121AAD01}</UniqueIdentifier>
      <Extensions>qrc;rc;ico;cur;bmp;dlg;rc2;rct;bin;rgs;gif;jpg;jpeg;jpe;resx;tiff;tif;png;wav;mfcribbon-ms</Extensions>
    </Filter>
    <Filter Include="Form Files">
      <UniqueIdentifier>{99349809-55BA-4b9d-BF79-8FDBB0286EB3}</UniqueIdentifier>
      <Extensions>ui</Extensions>
    </Filter>
    <Filter Include="Translation Files">
      <UniqueIdentifier>{639EADAA-A684-42e4-A9AD-28FC9BCB8F7C}</UniqueIdentifier>
      <Extensions>ts</Extensions>
    </Filter>
    <Filter Include="CANController">
      <UniqueIdentifier>{8b0fc25d-b9e4-4ef4-b928-4e728534bcaa}</UniqueIdentifier>
    </Filter>
    <Filter Include="FlowController">
      <UniqueIdentifier>{4d3accb3-e05e-45f3-b32b-72b8f172d9df}</UniqueIdentifier>
    </Filter>
  </ItemGroup>
  <ItemGroup>
    <QtRcc Include="FlowController.qrc">
      <Filter>Resource Files</Filter>
    </QtRcc>
  </ItemGroup>
  <ItemGroup>
    <ClCompile Include="structure.cpp">
      <Filter>Source Files</Filter>
    </ClCompile>
    <ClCompile Include="FlowTranser.cpp">
      <Filter>Source Files</Filter>
    </ClCompile>
    <ClCompile Include="MFCConfigItem.cpp">
      <Filter>Source Files</Filter>
    </ClCompile>
    <ClCompile Include="FlowController.cpp">
      <Filter>FlowController</Filter>
    </ClCompile>
    <ClCompile Include="CANController.cpp">
      <Filter>CANController</Filter>
    </ClCompile>
    <ClCompile Include="main.cpp" />
    <ClCompile Include="MainWindow.cpp">
      <Filter>Source Files</Filter>
    </ClCompile>
  </ItemGroup>
  <ItemGroup>
    <ClInclude Include="HandleError.h">
      <Filter>Header Files</Filter>
    </ClInclude>
    <ClInclude Include="structure.h">
      <Filter>Header Files</Filter>
    </ClInclude>
    <ClInclude Include="logger.h">
      <Filter>Header Files</Filter>
    </ClInclude>
    <ClInclude Include="Instance.h">
      <Filter>Header Files</Filter>
    </ClInclude>
    <ClInclude Include="FlowTranser.h">
      <Filter>Header Files</Filter>
    </ClInclude>
    <ClInclude Include="MFCConfigItem.h">
      <Filter>Header Files</Filter>
    </ClInclude>
    <ClInclude Include="MainWindow.h">
      <Filter>Header Files</Filter>
    </ClInclude>
  </ItemGroup>
  <ItemGroup>
    <QtMoc Include="LogPanel.h">
      <Filter>Header Files</Filter>
    </QtMoc>
    <QtMoc Include="FlowController.h">
      <Filter>FlowController</Filter>
    </QtMoc>
    <QtMoc Include="CANController.h">
      <Filter>CANController</Filter>
    </QtMoc>
  </ItemGroup>
  <ItemGroup>
    <QtUic Include="FlowController.ui">
      <Filter>FlowController</Filter>
    </QtUic>
    <QtUic Include="CANController.ui">
      <Filter>CANController</Filter>
    </QtUic>
  </ItemGroup>
</Project>